
Microsoft Visual Studio Solution File, Format Version 12.00
# Visual Studio Version 16
VisualStudioVersion = 16.0.30611.23
MinimumVisualStudioVersion = 10.0.40219.1
Project("{FAE04EC0-301F-11D3-BF4B-00C04F79EFBC}") = "WebHookTest", "WebHookTest.csproj", "{0CDD0582-009B-4BC8-BE57-053EDC8F8D0E}"
EndProject
Global
	GlobalSection(SolutionConfigurationPlatforms) = preSolution
		Debug|Any CPU = Debug|Any CPU
		Release|Any CPU = Release|Any CPU
	EndGlobalSection
	GlobalSection(ProjectConfigurationPlatforms) = postSolution
		{0CDD0582-009B-4BC8-BE57-053EDC8F8D0E}.Debug|Any CPU.ActiveCfg = Debug|Any CPU
		{0CDD0582-009B-4BC8-BE57-053EDC8F8D0E}.Debug|Any CPU.Build.0 = Debug|Any CPU
		{0CDD0582-009B-4BC8-BE57-053EDC8F8D0E}.Release|Any CPU.ActiveCfg = Release|Any CPU
		{0CDD0582-009B-4BC8-BE57-053EDC8F8D0E}.Release|Any CPU.Build.0 = Release|Any CPU
	EndGlobalSection
	GlobalSection(SolutionProperties) = preSolution
		HideSolutionNode = FALSE
	EndGlobalSection
	GlobalSection(ExtensibilityGlobals) = postSolution
		SolutionGuid = {F564F751-8844-437E-B0D8-03D90A6550FF}
	EndGlobalSection
EndGlobal
